
Microsoft Visual Studio Solution File, Format Version 12.00
# Visual Studio Version 16
VisualStudioVersion = 16.0.30804.86
MinimumVisualStudioVersion = 10.0.40219.1
Project("{FAE04EC0-301F-11D3-BF4B-00C04F79EFBC}") = "Numbers", "Numbers\Numbers.csproj", "{C01696EE-9D33-4B06-B126-D3D7B5C0B386}"
EndProject
Global
	GlobalSection(SolutionConfigurationPlatforms) = preSolution
		Debug|Any CPU = Debug|Any CPU
		Release|Any CPU = Release|Any CPU
	EndGlobalSection
	GlobalSection(ProjectConfigurationPlatforms) = postSolution
		{C01696EE-9D33-4B06-B126-D3D7B5C0B386}.Debug|Any CPU.ActiveCfg = Debug|Any CPU
		{C01696EE-9D33-4B06-B126-D3D7B5C0B386}.Debug|Any CPU.Build.0 = Debug|Any CPU
		{C01696EE-9D33-4B06-B126-D3D7B5C0B386}.Release|Any CPU.ActiveCfg = Release|Any CPU
		{C01696EE-9D33-4B06-B126-D3D7B5C0B386}.Release|Any CPU.Build.0 = Release|Any CPU
	EndGlobalSection
	GlobalSection(SolutionProperties) = preSolution
		HideSolutionNode = FALSE
	EndGlobalSection
	GlobalSection(ExtensibilityGlobals) = postSolution
		SolutionGuid = {A439788E-4485-4EE2-9F56-907EEDF6FE85}
	EndGlobalSection
EndGlobal
